
Microsoft Visual Studio Solution File, Format Version 12.00
# Visual Studio 15
VisualStudioVersion = 15.0.26621.2
MinimumVisualStudioVersion = 10.0.40219.1
Project("{2150E333-8FDC-42A3-9474-1A3956D46DE8}") = "src", "src", "{2D805782-756E-4C98-B22E-F502BEE95318}"
EndProject
Project("{2150E333-8FDC-42A3-9474-1A3956D46DE8}") = "Solution Items", "Solution Items", "{31A4DDB1-952E-4EED-96EF-29C669279A86}"
	ProjectSection(SolutionItems) = preProject
		.travis.yml = .travis.yml
		AppMetrics.ruleset = AppMetrics.ruleset
		appveyor.yml = appveyor.yml
		stylecop.json = stylecop.json
		version.props = version.props
	EndProjectSection
EndProject
Project("{2150E333-8FDC-42A3-9474-1A3956D46DE8}") = "test", "test", "{DD2E4647-7125-4CE3-9BA5-B45A26113A31}"
EndProject
Project("{2150E333-8FDC-42A3-9474-1A3956D46DE8}") = "Cake", "Cake", "{E1A943F7-5493-4B64-A448-3E9EEA582E20}"
	ProjectSection(SolutionItems) = preProject
		build.cake = build.cake
		build.ps1 = build.ps1
		build.sh = build.sh
		build_travis.sh = build_travis.sh
		tools\packages.config = tools\packages.config
	EndProjectSection
EndProject
Project("{2150E333-8FDC-42A3-9474-1A3956D46DE8}") = "Git", "Git", "{4199989A-27B6-4A6A-99C2-1AF6B01DA5EB}"
	ProjectSection(SolutionItems) = preProject
		GitReleaseManager.yaml = GitReleaseManager.yaml
		ISSUE_TEMPLATE.md = ISSUE_TEMPLATE.md
		PULL_REQUEST_TEMPLATE.md = PULL_REQUEST_TEMPLATE.md
		README.md = README.md
	EndProjectSection
EndProject
Project("{9A19103F-16F7-4668-BE54-9A1E7A4F7556}") = "App.Metrics.Reporting.Elasticsearch", "src\App.Metrics.Reporting.Elasticsearch\App.Metrics.Reporting.Elasticsearch.csproj", "{681A90A6-CE3B-41D0-93FE-5C57849A120D}"
EndProject
Project("{2150E333-8FDC-42A3-9474-1A3956D46DE8}") = "visualization", "visualization", "{2427CA3A-1DF8-4755-9288-B9B4EC2DCF39}"
	ProjectSection(SolutionItems) = preProject
		visualization\App.Metrics.Sandbox-Elasticsearch-IndexAndMappingSetup.json = visualization\App.Metrics.Sandbox-Elasticsearch-IndexAndMappingSetup.json
	EndProjectSection
EndProject
Project("{2150E333-8FDC-42A3-9474-1A3956D46DE8}") = "grafana-dashboards", "grafana-dashboards", "{0E4FD8C9-9113-43E6-A0DB-C8DB1E89DF3B}"
	ProjectSection(SolutionItems) = preProject
		visualization\grafana-dashboards\App.Metrics.Sandbox-Elasticsearch-GenericWeb.json = visualization\grafana-dashboards\App.Metrics.Sandbox-Elasticsearch-GenericWeb.json
		visualization\grafana-dashboards\App.Metrics.Sandbox-Elasticsearch-GenericWebOAuth2.json = visualization\grafana-dashboards\App.Metrics.Sandbox-Elasticsearch-GenericWebOAuth2.json
	EndProjectSection
EndProject
Project("{2150E333-8FDC-42A3-9474-1A3956D46DE8}") = "sandbox", "sandbox", "{39DF701E-9AB2-47DE-96C4-DCCE641F8449}"
EndProject
Project("{9A19103F-16F7-4668-BE54-9A1E7A4F7556}") = "App.Metrics.Elasticsearch.Sandbox", "sandbox\App.Metrics.Elasticsearch.Sandbox\App.Metrics.Elasticsearch.Sandbox.csproj", "{2A91A603-9707-48E1-9BC9-9CDFC519ADD6}"
EndProject
Project("{2150E333-8FDC-42A3-9474-1A3956D46DE8}") = "Build", "Build", "{6A8C1BAE-B40B-4F12-8C04-8CE911330532}"
	ProjectSection(SolutionItems) = preProject
		build\common.props = build\common.props
		build\dependencies.props = build\dependencies.props
	EndProjectSection
EndProject
Project("{9A19103F-16F7-4668-BE54-9A1E7A4F7556}") = "App.Metrics.AspNetCore.Formatters.Elasticsearch", "src\App.Metrics.AspNetCore.Formatters.Elasticsearch\App.Metrics.AspNetCore.Formatters.Elasticsearch.csproj", "{79110628-27BA-476B-B4DE-93B09EC815A0}"
EndProject
Project("{9A19103F-16F7-4668-BE54-9A1E7A4F7556}") = "App.Metrics.Formatters.Elasticsearch", "src\App.Metrics.Formatters.Elasticsearch\App.Metrics.Formatters.Elasticsearch.csproj", "{3A02E3DC-B24A-4260-9F58-F30F3E239411}"
EndProject
Global
	GlobalSection(SolutionConfigurationPlatforms) = preSolution
		Debug|Any CPU = Debug|Any CPU
		Release|Any CPU = Release|Any CPU
	EndGlobalSection
	GlobalSection(ProjectConfigurationPlatforms) = postSolution
		{681A90A6-CE3B-41D0-93FE-5C57849A120D}.Debug|Any CPU.ActiveCfg = Debug|Any CPU
		{681A90A6-CE3B-41D0-93FE-5C57849A120D}.Debug|Any CPU.Build.0 = Debug|Any CPU
		{681A90A6-CE3B-41D0-93FE-5C57849A120D}.Release|Any CPU.ActiveCfg = Release|Any CPU
		{681A90A6-CE3B-41D0-93FE-5C57849A120D}.Release|Any CPU.Build.0 = Release|Any CPU
		{2A91A603-9707-48E1-9BC9-9CDFC519ADD6}.Debug|Any CPU.ActiveCfg = Debug|Any CPU
		{2A91A603-9707-48E1-9BC9-9CDFC519ADD6}.Debug|Any CPU.Build.0 = Debug|Any CPU
		{2A91A603-9707-48E1-9BC9-9CDFC519ADD6}.Release|Any CPU.ActiveCfg = Release|Any CPU
		{2A91A603-9707-48E1-9BC9-9CDFC519ADD6}.Release|Any CPU.Build.0 = Release|Any CPU
		{79110628-27BA-476B-B4DE-93B09EC815A0}.Debug|Any CPU.ActiveCfg = Debug|Any CPU
		{79110628-27BA-476B-B4DE-93B09EC815A0}.Debug|Any CPU.Build.0 = Debug|Any CPU
		{79110628-27BA-476B-B4DE-93B09EC815A0}.Release|Any CPU.ActiveCfg = Release|Any CPU
		{79110628-27BA-476B-B4DE-93B09EC815A0}.Release|Any CPU.Build.0 = Release|Any CPU
		{3A02E3DC-B24A-4260-9F58-F30F3E239411}.Debug|Any CPU.ActiveCfg = Debug|Any CPU
		{3A02E3DC-B24A-4260-9F58-F30F3E239411}.Debug|Any CPU.Build.0 = Debug|Any CPU
		{3A02E3DC-B24A-4260-9F58-F30F3E239411}.Release|Any CPU.ActiveCfg = Release|Any CPU
		{3A02E3DC-B24A-4260-9F58-F30F3E239411}.Release|Any CPU.Build.0 = Release|Any CPU
	EndGlobalSection
	GlobalSection(SolutionProperties) = preSolution
		HideSolutionNode = FALSE
	EndGlobalSection
	GlobalSection(NestedProjects) = preSolution
		{E1A943F7-5493-4B64-A448-3E9EEA582E20} = {31A4DDB1-952E-4EED-96EF-29C669279A86}
		{4199989A-27B6-4A6A-99C2-1AF6B01DA5EB} = {31A4DDB1-952E-4EED-96EF-29C669279A86}
		{681A90A6-CE3B-41D0-93FE-5C57849A120D} = {2D805782-756E-4C98-B22E-F502BEE95318}
		{2427CA3A-1DF8-4755-9288-B9B4EC2DCF39} = {31A4DDB1-952E-4EED-96EF-29C669279A86}
		{0E4FD8C9-9113-43E6-A0DB-C8DB1E89DF3B} = {2427CA3A-1DF8-4755-9288-B9B4EC2DCF39}
		{2A91A603-9707-48E1-9BC9-9CDFC519ADD6} = {39DF701E-9AB2-47DE-96C4-DCCE641F8449}
		{6A8C1BAE-B40B-4F12-8C04-8CE911330532} = {31A4DDB1-952E-4EED-96EF-29C669279A86}
		{79110628-27BA-476B-B4DE-93B09EC815A0} = {2D805782-756E-4C98-B22E-F502BEE95318}
		{3A02E3DC-B24A-4260-9F58-F30F3E239411} = {2D805782-756E-4C98-B22E-F502BEE95318}
	EndGlobalSection
	GlobalSection(ExtensibilityGlobals) = postSolution
		SolutionGuid = {FEF43CF5-EE49-4675-8B6F-6F19E2F86D69}
	EndGlobalSection
EndGlobal
